// !$*UTF8*$!
{
	archiveVersion = 1;
	classes = {
	};
	objectVersion = 56;
	objects = {

/* Begin PBXBuildFile section */
		185BDFE7296B005100A9B95C /* ecommApp.swift in Sources */ = {isa = PBXBuildFile; fileRef = 185BDFE6296B005100A9B95C /* ecommApp.swift */; };
		185BDFE9296B005100A9B95C /* ContentView.swift in Sources */ = {isa = PBXBuildFile; fileRef = 185BDFE8296B005100A9B95C /* ContentView.swift */; };
		185BDFEB296B005300A9B95C /* Assets.xcassets in Resources */ = {isa = PBXBuildFile; fileRef = 185BDFEA296B005300A9B95C /* Assets.xcassets */; };
		185BDFEE296B005300A9B95C /* Preview Assets.xcassets in Resources */ = {isa = PBXBuildFile; fileRef = 185BDFED296B005300A9B95C /* Preview Assets.xcassets */; };
		185BDFF6296B013E00A9B95C /* pagination.swift in Sources */ = {isa = PBXBuildFile; fileRef = 185BDFF5296B013E00A9B95C /* pagination.swift */; };
		185BDFF8296B068500A9B95C /* productModel.swift in Sources */ = {isa = PBXBuildFile; fileRef = 185BDFF7296B068500A9B95C /* productModel.swift */; };
		185BDFFA296B0AF800A9B95C /* productViewModel.swift in Sources */ = {isa = PBXBuildFile; fileRef = 185BDFF9296B0AF800A9B95C /* productViewModel.swift */; };
		1866C6312972E94600622F27 /* porductCard.swift in Sources */ = {isa = PBXBuildFile; fileRef = 1866C6302972E94600622F27 /* porductCard.swift */; };
		1866C6332972FF5100622F27 /* listProduct.swift in Sources */ = {isa = PBXBuildFile; fileRef = 1866C6322972FF5100622F27 /* listProduct.swift */; };
		186E3604297D2B5300A61030 /* tabview.swift in Sources */ = {isa = PBXBuildFile; fileRef = 186E3603297D2B5300A61030 /* tabview.swift */; };
/* End PBXBuildFile section */

/* Begin PBXFileReference section */
		185BDFE3296B005100A9B95C /* ecomm.app */ = {isa = PBXFileReference; explicitFileType = wrapper.application; includeInIndex = 0; path = ecomm.app; sourceTree = BUILT_PRODUCTS_DIR; };
		185BDFE6296B005100A9B95C /* ecommApp.swift */ = {isa = PBXFileReference; lastKnownFileType = sourcecode.swift; path = ecommApp.swift; sourceTree = "<group>"; };
		185BDFE8296B005100A9B95C /* ContentView.swift */ = {isa = PBXFileReference; lastKnownFileType = sourcecode.swift; path = ContentView.swift; sourceTree = "<group>"; };
		185BDFEA296B005300A9B95C /* Assets.xcassets */ = {isa = PBXFileReference; lastKnownFileType = folder.assetcatalog; path = Assets.xcassets; sourceTree = "<group>"; };
		185BDFED296B005300A9B95C /* Preview Assets.xcassets */ = {isa = PBXFileReference; lastKnownFileType = folder.assetcatalog; path = "Preview Assets.xcassets"; sourceTree = "<group>"; };
		185BDFF5296B013E00A9B95C /* pagination.swift */ = {isa = PBXFileReference; lastKnownFileType = sourcecode.swift; path = pagination.swift; sourceTree = "<group>"; };
		185BDFF7296B068500A9B95C /* productModel.swift */ = {isa = PBXFileReference; lastKnownFileType = sourcecode.swift; path = productModel.swift; sourceTree = "<group>"; };
		185BDFF9296B0AF800A9B95C /* productViewModel.swift */ = {isa = PBXFileReference; lastKnownFileType = sourcecode.swift; path = productViewModel.swift; sourceTree = "<group>"; };
		1866C6302972E94600622F27 /* porductCard.swift */ = {isa = PBXFileReference; lastKnownFileType = sourcecode.swift; path = porductCard.swift; sourceTree = "<group>"; };
		1866C6322972FF5100622F27 /* listProduct.swift */ = {isa = PBXFileReference; lastKnownFileType = sourcecode.swift; path = listProduct.swift; sourceTree = "<group>"; };
		186E3603297D2B5300A61030 /* tabview.swift */ = {isa = PBXFileReference; lastKnownFileType = sourcecode.swift; path = tabview.swift; sourceTree = "<group>"; };
/* End PBXFileReference section */

/* Begin PBXFrameworksBuildPhase section */
		185BDFE0296B005100A9B95C /* Frameworks */ = {
			isa = PBXFrameworksBuildPhase;
			buildActionMask = 2147483647;
			files = (
			);
			runOnlyForDeploymentPostprocessing = 0;
		};
/* End PBXFrameworksBuildPhase section */

/* Begin PBXGroup section */
		185BDFDA296B005100A9B95C = {
			isa = PBXGroup;
			children = (
				185BDFE5296B005100A9B95C /* ecomm */,
				185BDFE4296B005100A9B95C /* Products */,
			);
			sourceTree = "<group>";
		};
		185BDFE4296B005100A9B95C /* Products */ = {
			isa = PBXGroup;
			children = (
				185BDFE3296B005100A9B95C /* ecomm.app */,
			);
			name = Products;
			sourceTree = "<group>";
		};
		185BDFE5296B005100A9B95C /* ecomm */ = {
			isa = PBXGroup;
			children = (
				185BDFF4296B011100A9B95C /* apiCall */,
				185BDFE6296B005100A9B95C /* ecommApp.swift */,
				185BDFE8296B005100A9B95C /* ContentView.swift */,
				185BDFF7296B068500A9B95C /* productModel.swift */,
				185BDFEA296B005300A9B95C /* Assets.xcassets */,
				185BDFEC296B005300A9B95C /* Preview Content */,
				185BDFF9296B0AF800A9B95C /* productViewModel.swift */,
				1866C6302972E94600622F27 /* porductCard.swift */,
				1866C6322972FF5100622F27 /* listProduct.swift */,
				186E3603297D2B5300A61030 /* tabview.swift */,
			);
			path = ecomm;
			sourceTree = "<group>";
		};
		185BDFEC296B005300A9B95C /* Preview Content */ = {
			isa = PBXGroup;
			children = (
				185BDFED296B005300A9B95C /* Preview Assets.xcassets */,
			);
			path = "Preview Content";
			sourceTree = "<group>";
		};
		185BDFF4296B011100A9B95C /* apiCall */ = {
			isa = PBXGroup;
			children = (
				185BDFF5296B013E00A9B95C /* pagination.swift */,
			);
			path = apiCall;
			sourceTree = "<group>";
		};
/* End PBXGroup section */

/* Begin PBXNativeTarget section */
		185BDFE2296B005100A9B95C /* ecomm */ = {
			isa = PBXNativeTarget;
			buildConfigurationList = 185BDFF1296B005300A9B95C /* Build configuration list for PBXNativeTarget "ecomm" */;
			buildPhases = (
				185BDFDF296B005100A9B95C /* Sources */,
				185BDFE0296B005100A9B95C /* Frameworks */,
				185BDFE1296B005100A9B95C /* Resources */,
			);
			buildRules = (
			);
			dependencies = (
			);
			name = ecomm;
			productName = ecomm;
			productReference = 185BDFE3296B005100A9B95C /* ecomm.app */;
			productType = "com.apple.product-type.application";
		};
/* End PBXNativeTarget section */

/* Begin PBXProject section */
		185BDFDB296B005100A9B95C /* Project object */ = {
			isa = PBXProject;
			attributes = {
				BuildIndependentTargetsInParallel = 1;
				LastSwiftUpdateCheck = 1410;
				LastUpgradeCheck = 1410;
				TargetAttributes = {
					185BDFE2296B005100A9B95C = {
						CreatedOnToolsVersion = 14.1;
					};
				};
			};
			buildConfigurationList = 185BDFDE296B005100A9B95C /* Build configuration list for PBXProject "ecomm" */;
			compatibilityVersion = "Xcode 14.0";
			developmentRegion = en;
			hasScannedForEncodings = 0;
			knownRegions = (
				en,
				Base,
			);
			mainGroup = 185BDFDA296B005100A9B95C;
			productRefGroup = 185BDFE4296B005100A9B95C /* Products */;
			projectDirPath = "";
			projectRoot = "";
			targets = (
				185BDFE2296B005100A9B95C /* ecomm */,
			);
		};
/* End PBXProject section */

/* Begin PBXResourcesBuildPhase section */
		185BDFE1296B005100A9B95C /* Resources */ = {
			isa = PBXResourcesBuildPhase;
			buildActionMask = 2147483647;
			files = (
				185BDFEE296B005300A9B95C /* Preview Assets.xcassets in Resources */,
				185BDFEB296B005300A9B95C /* Assets.xcassets in Resources */,
			);
			runOnlyForDeploymentPostprocessing = 0;
		};
/* End PBXResourcesBuildPhase section */

/* Begin PBXSourcesBuildPhase section */
		185BDFDF296B005100A9B95C /* Sources */ = {
			isa = PBXSourcesBuildPhase;
			buildActionMask = 2147483647;
			files = (
				1866C6332972FF5100622F27 /* listProduct.swift in Sources */,
				185BDFE9296B005100A9B95C /* ContentView.swift in Sources */,
				186E3604297D2B5300A61030 /* tabview.swift in Sources */,
				185BDFF6296B013E00A9B95C /* pagination.swift in Sources */,
				185BDFF8296B068500A9B95C /* productModel.swift in Sources */,
				1866C6312972E94600622F27 /* porductCard.swift in Sources */,
				185BDFFA296B0AF800A9B95C /* productViewModel.swift in Sources */,
				185BDFE7296B005100A9B95C /* ecommApp.swift in Sources */,
			);
			runOnlyForDeploymentPostprocessing = 0;
		};
/* End PBXSourcesBuildPhase section */

/* Begin XCBuildConfiguration section */
		185BDFEF296B005300A9B95C /* Debug */ = {
			isa = XCBuildConfiguration;
			buildSettings = {
				ALWAYS_SEARCH_USER_PATHS = NO;
				CLANG_ANALYZER_NONNULL = YES;
				CLANG_ANALYZER_NUMBER_OBJECT_CONVERSION = YES_AGGRESSIVE;
				CLANG_CXX_LANGUAGE_STANDARD = "gnu++20";
				CLANG_ENABLE_MODULES = YES;
				CLANG_ENABLE_OBJC_ARC = YES;
				CLANG_ENABLE_OBJC_WEAK = YES;
				CLANG_WARN_BLOCK_CAPTURE_AUTORELEASING = YES;
				CLANG_WARN_BOOL_CONVERSION = YES;
				CLANG_WARN_COMMA = YES;
				CLANG_WARN_CONSTANT_CONVERSION = YES;
				CLANG_WARN_DEPRECATED_OBJC_IMPLEMENTATIONS = YES;
				CLANG_WARN_DIRECT_OBJC_ISA_USAGE = YES_ERROR;
				CLANG_WARN_DOCUMENTATION_COMMENTS = YES;
				CLANG_WARN_EMPTY_BODY = YES;
				CLANG_WARN_ENUM_CONVERSION = YES;
				CLANG_WARN_INFINITE_RECURSION = YES;
				CLANG_WARN_INT_CONVERSION = YES;
				CLANG_WARN_NON_LITERAL_NULL_CONVERSION = YES;
				CLANG_WARN_OBJC_IMPLICIT_RETAIN_SELF = YES;
				CLANG_WARN_OBJC_LITERAL_CONVERSION = YES;
				CLANG_WARN_OBJC_ROOT_CLASS = YES_ERROR;
				CLANG_WARN_QUOTED_INCLUDE_IN_FRAMEWORK_HEADER = YES;
				CLANG_WARN_RANGE_LOOP_ANALYSIS = YES;
				CLANG_WARN_STRICT_PROTOTYPES = YES;
				CLANG_WARN_SUSPICIOUS_MOVE = YES;
				CLANG_WARN_UNGUARDED_AVAILABILITY = YES_AGGRESSIVE;
				CLANG_WARN_UNREACHABLE_CODE = YES;
				CLANG_WARN__DUPLICATE_METHOD_MATCH = YES;
				COPY_PHASE_STRIP = NO;
				DEBUG_INFORMATION_FORMAT = dwarf;
				ENABLE_STRICT_OBJC_MSGSEND = YES;
				ENABLE_TESTABILITY = YES;
				GCC_C_LANGUAGE_STANDARD = gnu11;
				GCC_DYNAMIC_NO_PIC = NO;
				GCC_NO_COMMON_BLOCKS = YES;
				GCC_OPTIMIZATION_LEVEL = 0;
				GCC_PREPROCESSOR_DEFINITIONS = (
					"DEBUG=1",
					"$(inherited)",
				);
				GCC_WARN_64_TO_32_BIT_CONVERSION = YES;
				GCC_WARN_ABOUT_RETURN_TYPE = YES_ERROR;
				GCC_WARN_UNDECLARED_SELECTOR = YES;
				GCC_WARN_UNINITIALIZED_AUTOS = YES_AGGRESSIVE;
				GCC_WARN_UNUSED_FUNCTION = YES;
				GCC_WARN_UNUSED_VARIABLE = YES;
				IPHONEOS_DEPLOYMENT_TARGET = 16.1;
				MTL_ENABLE_DEBUG_INFO = INCLUDE_SOURCE;
				MTL_FAST_MATH = YES;
				ONLY_ACTIVE_ARCH = YES;
				SDKROOT = iphoneos;
				SWIFT_ACTIVE_COMPILATION_CONDITIONS = DEBUG;
				SWIFT_OPTIMIZATION_LEVEL = "-Onone";
			};
			name = Debug;
		};
		185BDFF0296B005300A9B95C /* Release */ = {
			isa = XCBuildConfiguration;
			buildSettings = {
				ALWAYS_SEARCH_USER_PATHS = NO;
				CLANG_ANALYZER_NONNULL = YES;
				CLANG_ANALYZER_NUMBER_OBJECT_CONVERSION = YES_AGGRESSIVE;
				CLANG_CXX_LANGUAGE_STANDARD = "gnu++20";
				CLANG_ENABLE_MODULES = YES;
				CLANG_ENABLE_OBJC_ARC = YES;
				CLANG_ENABLE_OBJC_WEAK = YES;
				CLANG_WARN_BLOCK_CAPTURE_AUTORELEASING = YES;
				CLANG_WARN_BOOL_CONVERSION = YES;
				CLANG_WARN_COMMA = YES;
				CLANG_WARN_CONSTANT_CONVERSION = YES;
				CLANG_WARN_DEPRECATED_OBJC_IMPLEMENTATIONS = YES;
				CLANG_WARN_DIRECT_OBJC_ISA_USAGE = YES_ERROR;
				CLANG_WARN_DOCUMENTATION_COMMENTS = YES;
				CLANG_WARN_EMPTY_BODY = YES;
				CLANG_WARN_ENUM_CONVERSION = YES;
				CLANG_WARN_INFINITE_RECURSION = YES;
				CLANG_WARN_INT_CONVERSION = YES;
				CLANG_WARN_NON_LITERAL_NULL_CONVERSION = YES;
				CLANG_WARN_OBJC_IMPLICIT_RETAIN_SELF = YES;
				CLANG_WARN_OBJC_LITERAL_CONVERSION = YES;
				CLANG_WARN_OBJC_ROOT_CLASS = YES_ERROR;
				CLANG_WARN_QUOTED_INCLUDE_IN_FRAMEWORK_HEADER = YES;
				CLANG_WARN_RANGE_LOOP_ANALYSIS = YES;
				CLANG_WARN_STRICT_PROTOTYPES = YES;
				CLANG_WARN_SUSPICIOUS_MOVE = YES;
				CLANG_WARN_UNGUARDED_AVAILABILITY = YES_AGGRESSIVE;
				CLANG_WARN_UNREACHABLE_CODE = YES;
				CLANG_WARN__DUPLICATE_METHOD_MATCH = YES;
				COPY_PHASE_STRIP = NO;
				DEBUG_INFORMATION_FORMAT = "dwarf-with-dsym";
				ENABLE_NS_ASSERTIONS = NO;
				ENABLE_STRICT_OBJC_MSGSEND = YES;
				GCC_C_LANGUAGE_STANDARD = gnu11;
				GCC_NO_COMMON_BLOCKS = YES;
				GCC_WARN_64_TO_32_BIT_CONVERSION = YES;
				GCC_WARN_ABOUT_RETURN_TYPE = YES_ERROR;
				GCC_WARN_UNDECLARED_SELECTOR = YES;
				GCC_WARN_UNINITIALIZED_AUTOS = YES_AGGRESSIVE;
				GCC_WARN_UNUSED_FUNCTION = YES;
				GCC_WARN_UNUSED_VARIABLE = YES;
				IPHONEOS_DEPLOYMENT_TARGET = 16.1;
				MTL_ENABLE_DEBUG_INFO = NO;
				MTL_FAST_MATH = YES;
				SDKROOT = iphoneos;
				SWIFT_COMPILATION_MODE = wholemodule;
				SWIFT_OPTIMIZATION_LEVEL = "-O";
				VALIDATE_PRODUCT = YES;
			};
			name = Release;
		};
		185BDFF2296B005300A9B95C /* Debug */ = {
			isa = XCBuildConfiguration;
			buildSettings = {
				ASSETCATALOG_COMPILER_APPICON_NAME = AppIcon;
				ASSETCATALOG_COMPILER_GLOBAL_ACCENT_COLOR_NAME = AccentColor;
				CODE_SIGN_STYLE = Automatic;
				CURRENT_PROJECT_VERSION = 1;
				DEVELOPMENT_ASSET_PATHS = "\"ecomm/Preview Content\"";
				DEVELOPMENT_TEAM = 73UKJCFS4B;
				ENABLE_PREVIEWS = YES;
				GENERATE_INFOPLIST_FILE = YES;
				INFOPLIST_KEY_UIApplicationSceneManifest_Generation = YES;
				INFOPLIST_KEY_UIApplicationSupportsIndirectInputEvents = YES;
				INFOPLIST_KEY_UILaunchScreen_Generation = YES;
				INFOPLIST_KEY_UISupportedInterfaceOrientations_iPad = "UIInterfaceOrientationPortrait UIInterfaceOrientationPortraitUpsideDown UIInterfaceOrientationLandscapeLeft UIInterfaceOrientationLandscapeRight";
				INFOPLIST_KEY_UISupportedInterfaceOrientations_iPhone = "UIInterfaceOrientationPortrait UIInterfaceOrientationLandscapeLeft UIInterfaceOrientationLandscapeRight";
				LD_RUNPATH_SEARCH_PATHS = (
					"$(inherited)",
					"@executable_path/Frameworks",
				);
				MARKETING_VERSION = 1.0;
				PRODUCT_BUNDLE_IDENTIFIER = com.dyooti.swiftui.ecomm;
				PRODUCT_NAME = "$(TARGET_NAME)";
				SWIFT_EMIT_LOC_STRINGS = YES;
				SWIFT_VERSION = 5.0;
				TARGETED_DEVICE_FAMILY = "1,2";
			};
			name = Debug;
		};
		185BDFF3296B005300A9B95C /* Release */ = {
			isa = XCBuildConfiguration;
			buildSettings = {
				ASSETCATALOG_COMPILER_APPICON_NAME = AppIcon;
				ASSETCATALOG_COMPILER_GLOBAL_ACCENT_COLOR_NAME = AccentColor;
				CODE_SIGN_STYLE = Automatic;
				CURRENT_PROJECT_VERSION = 1;
				DEVELOPMENT_ASSET_PATHS = "\"ecomm/Preview Content\"";
				DEVELOPMENT_TEAM = 73UKJCFS4B;
				ENABLE_PREVIEWS = YES;
				GENERATE_INFOPLIST_FILE = YES;
				INFOPLIST_KEY_UIApplicationSceneManifest_Generation = YES;
				INFOPLIST_KEY_UIApplicationSupportsIndirectInputEvents = YES;
				INFOPLIST_KEY_UILaunchScreen_Generation = YES;
				INFOPLIST_KEY_UISupportedInterfaceOrientations_iPad = "UIInterfaceOrientationPortrait UIInterfaceOrientationPortraitUpsideDown UIInterfaceOrientationLandscapeLeft UIInterfaceOrientationLandscapeRight";
				INFOPLIST_KEY_UISupportedInterfaceOrientations_iPhone = "UIInterfaceOrientationPortrait UIInterfaceOrientationLandscapeLeft UIInterfaceOrientationLandscapeRight";
				LD_RUNPATH_SEARCH_PATHS = (
					"$(inherited)",
					"@executable_path/Frameworks",
				);
				MARKETING_VERSION = 1.0;
				PRODUCT_BUNDLE_IDENTIFIER = com.dyooti.swiftui.ecomm;
				PRODUCT_NAME = "$(TARGET_NAME)";
				SWIFT_EMIT_LOC_STRINGS = YES;
				SWIFT_VERSION = 5.0;
				TARGETED_DEVICE_FAMILY = "1,2";
			};
			name = Release;
		};
/* End XCBuildConfiguration section */

/* Begin XCConfigurationList section */
		185BDFDE296B005100A9B95C /* Build configuration list for PBXProject "ecomm" */ = {
			isa = XCConfigurationList;
			buildConfigurations = (
				185BDFEF296B005300A9B95C /* Debug */,
				185BDFF0296B005300A9B95C /* Release */,
			);
			defaultConfigurationIsVisible = 0;
			defaultConfigurationName = Release;
		};
		185BDFF1296B005300A9B95C /* Build configuration list for PBXNativeTarget "ecomm" */ = {
			isa = XCConfigurationList;
			buildConfigurations = (
				185BDFF2296B005300A9B95C /* Debug */,
				185BDFF3296B005300A9B95C /* Release */,
			);
			defaultConfigurationIsVisible = 0;
			defaultConfigurationName = Release;
		};
/* End XCConfigurationList section */
	};
	rootObject = 185BDFDB296B005100A9B95C /* Project object */;
}
